
Microsoft Visual Studio Solution File, Format Version 12.00
# Visual Studio Version 17
VisualStudioVersion = 17.5.33516.290
MinimumVisualStudioVersion = 10.0.40219.1
Project("{8BC9CEB8-8B4A-11D0-8D11-00A0C91BC942}") = "TLEUnitTest1", "TLEUnitTest1.vcxproj", "{2AC070D3-BE7A-4C3C-85A5-BEE932BA8289}"
EndProject
Project("{8BC9CEB8-8B4A-11D0-8D11-00A0C91BC942}") = "TLEDecoder", "..\..\..\..\3 курс\Курсовая\Программа получения радиус_векторов положения СМКА по данным TLE\TLEDecoder\TLEDecoder.vcxproj", "{C368C32C-49CD-44B7-8BF3-BAF1DB29600C}"
EndProject
Project("{2150E333-8FDC-42A3-9474-1A3956D46DE8}") = "TestingTLEDecoder", "TestingTLEDecoder", "{A2EBE5EF-513E-45D1-92C0-EE2255BA70D5}"
EndProject
Project("{2150E333-8FDC-42A3-9474-1A3956D46DE8}") = "HTMLFromInternet", "HTMLFromInternet", "{79677472-A50A-4017-B2AE-FDB29E614C8E}"
EndProject
Project("{8BC9CEB8-8B4A-11D0-8D11-00A0C91BC942}") = "HTMLFromInternet", "..\..\..\..\WinAPI\Программы с Интернета\HTMLFromInternet\HTMLFromInternet.vcxproj", "{44D6E5AC-AEE0-4DB9-B913-6D7BC52E2C86}"
EndProject
Project("{2150E333-8FDC-42A3-9474-1A3956D46DE8}") = "OrbitDeterminationLib", "OrbitDeterminationLib", "{36968BEB-E31B-4F40-BAB8-8C92A030554F}"
EndProject
Project("{8BC9CEB8-8B4A-11D0-8D11-00A0C91BC942}") = "OrbitDeterminationLib", "..\..\Вариант 1\OrbitDeterminationLib\OrbitDeterminationLib.vcxproj", "{371D95EB-1D00-4B30-8C95-7B1A4E7B5E83}"
EndProject
Project("{2150E333-8FDC-42A3-9474-1A3956D46DE8}") = "OldVersionOrbitDeterminationApp", "OldVersionOrbitDeterminationApp", "{196FB3F0-16EC-4E65-81E1-126DCCF535A1}"
EndProject
Project("{8BC9CEB8-8B4A-11D0-8D11-00A0C91BC942}") = "GAUSSMETHOD", "..\..\..\..\3 курс\Курсовая\Вариант 1\GAUSSMETHOD\GAUSSMETHOD.vcxproj", "{6F32EF39-D7BB-453B-8C7A-5DA6B1701577}"
EndProject
Project("{8BC9CEB8-8B4A-11D0-8D11-00A0C91BC942}") = "GIBBS", "..\..\..\..\3 курс\Курсовая\Вариант 1\GIBBS\GIBBS.vcxproj", "{F7B3319F-118D-46E7-8803-D1A7DC8A6EE3}"
EndProject
Project("{8BC9CEB8-8B4A-11D0-8D11-00A0C91BC942}") = "HERRICKGIBBS", "..\..\..\..\3 курс\Курсовая\Вариант 1\HERRICKGIBBS\HERRICKGIBBS.vcxproj", "{CC626170-B280-44CB-A075-45D0AEC6504A}"
EndProject
Project("{8BC9CEB8-8B4A-11D0-8D11-00A0C91BC942}") = "OrbitDeterminationApp", "..\..\..\..\3 курс\Курсовая\Вариант 1\OrbitDeterminationApp\OrbitDeterminationApp.vcxproj", "{D893CDB6-9BF2-4931-8BF5-7D4D388154D9}"
EndProject
Project("{2150E333-8FDC-42A3-9474-1A3956D46DE8}") = "OwnStructures", "OwnStructures", "{EF35834C-2317-489A-B195-DF22F034E953}"
EndProject
Project("{8BC9CEB8-8B4A-11D0-8D11-00A0C91BC942}") = "libstructures", "..\..\..\..\3 курс\Курсовая\Вариант 2\libstructures\libstructures.vcxproj", "{D489E448-933C-40E0-9FA6-78A04C35A43C}"
EndProject
Project("{8BC9CEB8-8B4A-11D0-8D11-00A0C91BC942}") = "StaticLibOfAlgebraicStructures", "..\..\..\..\3 курс\Курсовая\Вариант 1\StaticLibOfAlgebraicStructures\StaticLibOfAlgebraicStructures.vcxproj", "{6E4C87F1-851A-446B-9838-B0E6575C2233}"
EndProject
Project("{8BC9CEB8-8B4A-11D0-8D11-00A0C91BC942}") = "LibUnitTest1", "..\..\Вариант 1\OrbitDeterminationLib\LibUnitTest1\LibUnitTest1.vcxproj", "{3CFC73BE-B76F-4232-A440-5BCDDA492425}"
EndProject
Project("{8BC9CEB8-8B4A-11D0-8D11-00A0C91BC942}") = "OrbitStructuresStaticLib", "..\..\Вариант 1\OrbitStructuresStaticLib\OrbitStructuresStaticLib.vcxproj", "{63A84A53-F5B2-4E24-9D69-1C16E97D2E6A}"
EndProject
Global
	GlobalSection(SolutionConfigurationPlatforms) = preSolution
		Debug|ARM = Debug|ARM
		Debug|ARM64 = Debug|ARM64
		Debug|x64 = Debug|x64
		Debug|x86 = Debug|x86
		Release|ARM = Release|ARM
		Release|ARM64 = Release|ARM64
		Release|x64 = Release|x64
		Release|x86 = Release|x86
	EndGlobalSection
	GlobalSection(ProjectConfigurationPlatforms) = postSolution
		{2AC070D3-BE7A-4C3C-85A5-BEE932BA8289}.Debug|ARM.ActiveCfg = Debug|x64
		{2AC070D3-BE7A-4C3C-85A5-BEE932BA8289}.Debug|ARM.Build.0 = Debug|x64
		{2AC070D3-BE7A-4C3C-85A5-BEE932BA8289}.Debug|ARM64.ActiveCfg = Debug|x64
		{2AC070D3-BE7A-4C3C-85A5-BEE932BA8289}.Debug|ARM64.Build.0 = Debug|x64
		{2AC070D3-BE7A-4C3C-85A5-BEE932BA8289}.Debug|x64.ActiveCfg = Debug|x64
		{2AC070D3-BE7A-4C3C-85A5-BEE932BA8289}.Debug|x64.Build.0 = Debug|x64
		{2AC070D3-BE7A-4C3C-85A5-BEE932BA8289}.Debug|x86.ActiveCfg = Debug|Win32
		{2AC070D3-BE7A-4C3C-85A5-BEE932BA8289}.Debug|x86.Build.0 = Debug|Win32
		{2AC070D3-BE7A-4C3C-85A5-BEE932BA8289}.Release|ARM.ActiveCfg = Release|x64
		{2AC070D3-BE7A-4C3C-85A5-BEE932BA8289}.Release|ARM.Build.0 = Release|x64
		{2AC070D3-BE7A-4C3C-85A5-BEE932BA8289}.Release|ARM64.ActiveCfg = Release|x64
		{2AC070D3-BE7A-4C3C-85A5-BEE932BA8289}.Release|ARM64.Build.0 = Release|x64
		{2AC070D3-BE7A-4C3C-85A5-BEE932BA8289}.Release|x64.ActiveCfg = Release|x64
		{2AC070D3-BE7A-4C3C-85A5-BEE932BA8289}.Release|x64.Build.0 = Release|x64
		{2AC070D3-BE7A-4C3C-85A5-BEE932BA8289}.Release|x86.ActiveCfg = Release|Win32
		{2AC070D3-BE7A-4C3C-85A5-BEE932BA8289}.Release|x86.Build.0 = Release|Win32
		{C368C32C-49CD-44B7-8BF3-BAF1DB29600C}.Debug|ARM.ActiveCfg = Debug|x64
		{C368C32C-49CD-44B7-8BF3-BAF1DB29600C}.Debug|ARM.Build.0 = Debug|x64
		{C368C32C-49CD-44B7-8BF3-BAF1DB29600C}.Debug|ARM64.ActiveCfg = Debug|x64
		{C368C32C-49CD-44B7-8BF3-BAF1DB29600C}.Debug|ARM64.Build.0 = Debug|x64
		{C368C32C-49CD-44B7-8BF3-BAF1DB29600C}.Debug|x64.ActiveCfg = Debug|x64
		{C368C32C-49CD-44B7-8BF3-BAF1DB29600C}.Debug|x64.Build.0 = Debug|x64
		{C368C32C-49CD-44B7-8BF3-BAF1DB29600C}.Debug|x86.ActiveCfg = Debug|Win32
		{C368C32C-49CD-44B7-8BF3-BAF1DB29600C}.Debug|x86.Build.0 = Debug|Win32
		{C368C32C-49CD-44B7-8BF3-BAF1DB29600C}.Release|ARM.ActiveCfg = Release|x64
		{C368C32C-49CD-44B7-8BF3-BAF1DB29600C}.Release|ARM.Build.0 = Release|x64
		{C368C32C-49CD-44B7-8BF3-BAF1DB29600C}.Release|ARM64.ActiveCfg = Release|x64
		{C368C32C-49CD-44B7-8BF3-BAF1DB29600C}.Release|ARM64.Build.0 = Release|x64
		{C368C32C-49CD-44B7-8BF3-BAF1DB29600C}.Release|x64.ActiveCfg = Release|x64
		{C368C32C-49CD-44B7-8BF3-BAF1DB29600C}.Release|x64.Build.0 = Release|x64
		{C368C32C-49CD-44B7-8BF3-BAF1DB29600C}.Release|x86.ActiveCfg = Release|Win32
		{C368C32C-49CD-44B7-8BF3-BAF1DB29600C}.Release|x86.Build.0 = Release|Win32
		{44D6E5AC-AEE0-4DB9-B913-6D7BC52E2C86}.Debug|ARM.ActiveCfg = Debug|x64
		{44D6E5AC-AEE0-4DB9-B913-6D7BC52E2C86}.Debug|ARM.Build.0 = Debug|x64
		{44D6E5AC-AEE0-4DB9-B913-6D7BC52E2C86}.Debug|ARM64.ActiveCfg = Debug|x64
		{44D6E5AC-AEE0-4DB9-B913-6D7BC52E2C86}.Debug|ARM64.Build.0 = Debug|x64
		{44D6E5AC-AEE0-4DB9-B913-6D7BC52E2C86}.Debug|x64.ActiveCfg = Debug|x64
		{44D6E5AC-AEE0-4DB9-B913-6D7BC52E2C86}.Debug|x64.Build.0 = Debug|x64
		{44D6E5AC-AEE0-4DB9-B913-6D7BC52E2C86}.Debug|x86.ActiveCfg = Debug|Win32
		{44D6E5AC-AEE0-4DB9-B913-6D7BC52E2C86}.Debug|x86.Build.0 = Debug|Win32
		{44D6E5AC-AEE0-4DB9-B913-6D7BC52E2C86}.Release|ARM.ActiveCfg = Release|x64
		{44D6E5AC-AEE0-4DB9-B913-6D7BC52E2C86}.Release|ARM.Build.0 = Release|x64
		{44D6E5AC-AEE0-4DB9-B913-6D7BC52E2C86}.Release|ARM64.ActiveCfg = Release|x64
		{44D6E5AC-AEE0-4DB9-B913-6D7BC52E2C86}.Release|ARM64.Build.0 = Release|x64
		{44D6E5AC-AEE0-4DB9-B913-6D7BC52E2C86}.Release|x64.ActiveCfg = Release|x64
		{44D6E5AC-AEE0-4DB9-B913-6D7BC52E2C86}.Release|x64.Build.0 = Release|x64
		{44D6E5AC-AEE0-4DB9-B913-6D7BC52E2C86}.Release|x86.ActiveCfg = Release|Win32
		{44D6E5AC-AEE0-4DB9-B913-6D7BC52E2C86}.Release|x86.Build.0 = Release|Win32
		{371D95EB-1D00-4B30-8C95-7B1A4E7B5E83}.Debug|ARM.ActiveCfg = Debug|x64
		{371D95EB-1D00-4B30-8C95-7B1A4E7B5E83}.Debug|ARM.Build.0 = Debug|x64
		{371D95EB-1D00-4B30-8C95-7B1A4E7B5E83}.Debug|ARM64.ActiveCfg = Debug|x64
		{371D95EB-1D00-4B30-8C95-7B1A4E7B5E83}.Debug|ARM64.Build.0 = Debug|x64
		{371D95EB-1D00-4B30-8C95-7B1A4E7B5E83}.Debug|x64.ActiveCfg = Debug|x64
		{371D95EB-1D00-4B30-8C95-7B1A4E7B5E83}.Debug|x64.Build.0 = Debug|x64
		{371D95EB-1D00-4B30-8C95-7B1A4E7B5E83}.Debug|x86.ActiveCfg = Debug|Win32
		{371D95EB-1D00-4B30-8C95-7B1A4E7B5E83}.Debug|x86.Build.0 = Debug|Win32
		{371D95EB-1D00-4B30-8C95-7B1A4E7B5E83}.Release|ARM.ActiveCfg = Release|x64
		{371D95EB-1D00-4B30-8C95-7B1A4E7B5E83}.Release|ARM.Build.0 = Release|x64
		{371D95EB-1D00-4B30-8C95-7B1A4E7B5E83}.Release|ARM64.ActiveCfg = Release|x64
		{371D95EB-1D00-4B30-8C95-7B1A4E7B5E83}.Release|ARM64.Build.0 = Release|x64
		{371D95EB-1D00-4B30-8C95-7B1A4E7B5E83}.Release|x64.ActiveCfg = Release|x64
		{371D95EB-1D00-4B30-8C95-7B1A4E7B5E83}.Release|x64.Build.0 = Release|x64
		{371D95EB-1D00-4B30-8C95-7B1A4E7B5E83}.Release|x86.ActiveCfg = Release|Win32
		{371D95EB-1D00-4B30-8C95-7B1A4E7B5E83}.Release|x86.Build.0 = Release|Win32
		{6F32EF39-D7BB-453B-8C7A-5DA6B1701577}.Debug|ARM.ActiveCfg = Debug|x64
		{6F32EF39-D7BB-453B-8C7A-5DA6B1701577}.Debug|ARM.Build.0 = Debug|x64
		{6F32EF39-D7BB-453B-8C7A-5DA6B1701577}.Debug|ARM64.ActiveCfg = Debug|x64
		{6F32EF39-D7BB-453B-8C7A-5DA6B1701577}.Debug|ARM64.Build.0 = Debug|x64
		{6F32EF39-D7BB-453B-8C7A-5DA6B1701577}.Debug|x64.ActiveCfg = Debug|x64
		{6F32EF39-D7BB-453B-8C7A-5DA6B1701577}.Debug|x64.Build.0 = Debug|x64
		{6F32EF39-D7BB-453B-8C7A-5DA6B1701577}.Debug|x86.ActiveCfg = Debug|Win32
		{6F32EF39-D7BB-453B-8C7A-5DA6B1701577}.Debug|x86.Build.0 = Debug|Win32
		{6F32EF39-D7BB-453B-8C7A-5DA6B1701577}.Release|ARM.ActiveCfg = Release|x64
		{6F32EF39-D7BB-453B-8C7A-5DA6B1701577}.Release|ARM.Build.0 = Release|x64
		{6F32EF39-D7BB-453B-8C7A-5DA6B1701577}.Release|ARM64.ActiveCfg = Release|x64
		{6F32EF39-D7BB-453B-8C7A-5DA6B1701577}.Release|ARM64.Build.0 = Release|x64
		{6F32EF39-D7BB-453B-8C7A-5DA6B1701577}.Release|x64.ActiveCfg = Release|x64
		{6F32EF39-D7BB-453B-8C7A-5DA6B1701577}.Release|x64.Build.0 = Release|x64
		{6F32EF39-D7BB-453B-8C7A-5DA6B1701577}.Release|x86.ActiveCfg = Release|Win32
		{6F32EF39-D7BB-453B-8C7A-5DA6B1701577}.Release|x86.Build.0 = Release|Win32
		{F7B3319F-118D-46E7-8803-D1A7DC8A6EE3}.Debug|ARM.ActiveCfg = Debug|x64
		{F7B3319F-118D-46E7-8803-D1A7DC8A6EE3}.Debug|ARM.Build.0 = Debug|x64
		{F7B3319F-118D-46E7-8803-D1A7DC8A6EE3}.Debug|ARM64.ActiveCfg = Debug|x64
		{F7B3319F-118D-46E7-8803-D1A7DC8A6EE3}.Debug|ARM64.Build.0 = Debug|x64
		{F7B3319F-118D-46E7-8803-D1A7DC8A6EE3}.Debug|x64.ActiveCfg = Debug|x64
		{F7B3319F-118D-46E7-8803-D1A7DC8A6EE3}.Debug|x64.Build.0 = Debug|x64
		{F7B3319F-118D-46E7-8803-D1A7DC8A6EE3}.Debug|x86.ActiveCfg = Debug|Win32
		{F7B3319F-118D-46E7-8803-D1A7DC8A6EE3}.Debug|x86.Build.0 = Debug|Win32
		{F7B3319F-118D-46E7-8803-D1A7DC8A6EE3}.Release|ARM.ActiveCfg = Release|x64
		{F7B3319F-118D-46E7-8803-D1A7DC8A6EE3}.Release|ARM.Build.0 = Release|x64
		{F7B3319F-118D-46E7-8803-D1A7DC8A6EE3}.Release|ARM64.ActiveCfg = Release|x64
		{F7B3319F-118D-46E7-8803-D1A7DC8A6EE3}.Release|ARM64.Build.0 = Release|x64
		{F7B3319F-118D-46E7-8803-D1A7DC8A6EE3}.Release|x64.ActiveCfg = Release|x64
		{F7B3319F-118D-46E7-8803-D1A7DC8A6EE3}.Release|x64.Build.0 = Release|x64
		{F7B3319F-118D-46E7-8803-D1A7DC8A6EE3}.Release|x86.ActiveCfg = Release|Win32
		{F7B3319F-118D-46E7-8803-D1A7DC8A6EE3}.Release|x86.Build.0 = Release|Win32
		{CC626170-B280-44CB-A075-45D0AEC6504A}.Debug|ARM.ActiveCfg = Debug|x64
		{CC626170-B280-44CB-A075-45D0AEC6504A}.Debug|ARM.Build.0 = Debug|x64
		{CC626170-B280-44CB-A075-45D0AEC6504A}.Debug|ARM64.ActiveCfg = Debug|x64
		{CC626170-B280-44CB-A075-45D0AEC6504A}.Debug|ARM64.Build.0 = Debug|x64
		{CC626170-B280-44CB-A075-45D0AEC6504A}.Debug|x64.ActiveCfg = Debug|x64
		{CC626170-B280-44CB-A075-45D0AEC6504A}.Debug|x64.Build.0 = Debug|x64
		{CC626170-B280-44CB-A075-45D0AEC6504A}.Debug|x86.ActiveCfg = Debug|Win32
		{CC626170-B280-44CB-A075-45D0AEC6504A}.Debug|x86.Build.0 = Debug|Win32
		{CC626170-B280-44CB-A075-45D0AEC6504A}.Release|ARM.ActiveCfg = Release|x64
		{CC626170-B280-44CB-A075-45D0AEC6504A}.Release|ARM.Build.0 = Release|x64
		{CC626170-B280-44CB-A075-45D0AEC6504A}.Release|ARM64.ActiveCfg = Release|x64
		{CC626170-B280-44CB-A075-45D0AEC6504A}.Release|ARM64.Build.0 = Release|x64
		{CC626170-B280-44CB-A075-45D0AEC6504A}.Release|x64.ActiveCfg = Release|x64
		{CC626170-B280-44CB-A075-45D0AEC6504A}.Release|x64.Build.0 = Release|x64
		{CC626170-B280-44CB-A075-45D0AEC6504A}.Release|x86.ActiveCfg = Release|Win32
		{CC626170-B280-44CB-A075-45D0AEC6504A}.Release|x86.Build.0 = Release|Win32
		{D893CDB6-9BF2-4931-8BF5-7D4D388154D9}.Debug|ARM.ActiveCfg = Debug|x64
		{D893CDB6-9BF2-4931-8BF5-7D4D388154D9}.Debug|ARM.Build.0 = Debug|x64
		{D893CDB6-9BF2-4931-8BF5-7D4D388154D9}.Debug|ARM64.ActiveCfg = Debug|x64
		{D893CDB6-9BF2-4931-8BF5-7D4D388154D9}.Debug|ARM64.Build.0 = Debug|x64
		{D893CDB6-9BF2-4931-8BF5-7D4D388154D9}.Debug|x64.ActiveCfg = Debug|x64
		{D893CDB6-9BF2-4931-8BF5-7D4D388154D9}.Debug|x64.Build.0 = Debug|x64
		{D893CDB6-9BF2-4931-8BF5-7D4D388154D9}.Debug|x86.ActiveCfg = Debug|Win32
		{D893CDB6-9BF2-4931-8BF5-7D4D388154D9}.Debug|x86.Build.0 = Debug|Win32
		{D893CDB6-9BF2-4931-8BF5-7D4D388154D9}.Release|ARM.ActiveCfg = Release|x64
		{D893CDB6-9BF2-4931-8BF5-7D4D388154D9}.Release|ARM.Build.0 = Release|x64
		{D893CDB6-9BF2-4931-8BF5-7D4D388154D9}.Release|ARM64.ActiveCfg = Release|x64
		{D893CDB6-9BF2-4931-8BF5-7D4D388154D9}.Release|ARM64.Build.0 = Release|x64
		{D893CDB6-9BF2-4931-8BF5-7D4D388154D9}.Release|x64.ActiveCfg = Release|x64
		{D893CDB6-9BF2-4931-8BF5-7D4D388154D9}.Release|x64.Build.0 = Release|x64
		{D893CDB6-9BF2-4931-8BF5-7D4D388154D9}.Release|x86.ActiveCfg = Release|Win32
		{D893CDB6-9BF2-4931-8BF5-7D4D388154D9}.Release|x86.Build.0 = Release|Win32
		{D489E448-933C-40E0-9FA6-78A04C35A43C}.Debug|ARM.ActiveCfg = Debug|ARM
		{D489E448-933C-40E0-9FA6-78A04C35A43C}.Debug|ARM.Build.0 = Debug|ARM
		{D489E448-933C-40E0-9FA6-78A04C35A43C}.Debug|ARM.Deploy.0 = Debug|ARM
		{D489E448-933C-40E0-9FA6-78A04C35A43C}.Debug|ARM64.ActiveCfg = Debug|ARM64
		{D489E448-933C-40E0-9FA6-78A04C35A43C}.Debug|ARM64.Build.0 = Debug|ARM64
		{D489E448-933C-40E0-9FA6-78A04C35A43C}.Debug|ARM64.Deploy.0 = Debug|ARM64
		{D489E448-933C-40E0-9FA6-78A04C35A43C}.Debug|x64.ActiveCfg = Debug|x64
		{D489E448-933C-40E0-9FA6-78A04C35A43C}.Debug|x64.Build.0 = Debug|x64
		{D489E448-933C-40E0-9FA6-78A04C35A43C}.Debug|x64.Deploy.0 = Debug|x64
		{D489E448-933C-40E0-9FA6-78A04C35A43C}.Debug|x86.ActiveCfg = Debug|x86
		{D489E448-933C-40E0-9FA6-78A04C35A43C}.Debug|x86.Build.0 = Debug|x86
		{D489E448-933C-40E0-9FA6-78A04C35A43C}.Debug|x86.Deploy.0 = Debug|x86
		{D489E448-933C-40E0-9FA6-78A04C35A43C}.Release|ARM.ActiveCfg = Release|ARM
		{D489E448-933C-40E0-9FA6-78A04C35A43C}.Release|ARM.Build.0 = Release|ARM
		{D489E448-933C-40E0-9FA6-78A04C35A43C}.Release|ARM.Deploy.0 = Release|ARM
		{D489E448-933C-40E0-9FA6-78A04C35A43C}.Release|ARM64.ActiveCfg = Release|ARM64
		{D489E448-933C-40E0-9FA6-78A04C35A43C}.Release|ARM64.Build.0 = Release|ARM64
		{D489E448-933C-40E0-9FA6-78A04C35A43C}.Release|ARM64.Deploy.0 = Release|ARM64
		{D489E448-933C-40E0-9FA6-78A04C35A43C}.Release|x64.ActiveCfg = Release|x64
		{D489E448-933C-40E0-9FA6-78A04C35A43C}.Release|x64.Build.0 = Release|x64
		{D489E448-933C-40E0-9FA6-78A04C35A43C}.Release|x64.Deploy.0 = Release|x64
		{D489E448-933C-40E0-9FA6-78A04C35A43C}.Release|x86.ActiveCfg = Release|x86
		{D489E448-933C-40E0-9FA6-78A04C35A43C}.Release|x86.Build.0 = Release|x86
		{D489E448-933C-40E0-9FA6-78A04C35A43C}.Release|x86.Deploy.0 = Release|x86
		{6E4C87F1-851A-446B-9838-B0E6575C2233}.Debug|ARM.ActiveCfg = Debug|x64
		{6E4C87F1-851A-446B-9838-B0E6575C2233}.Debug|ARM.Build.0 = Debug|x64
		{6E4C87F1-851A-446B-9838-B0E6575C2233}.Debug|ARM64.ActiveCfg = Debug|x64
		{6E4C87F1-851A-446B-9838-B0E6575C2233}.Debug|ARM64.Build.0 = Debug|x64
		{6E4C87F1-851A-446B-9838-B0E6575C2233}.Debug|x64.ActiveCfg = Debug|x64
		{6E4C87F1-851A-446B-9838-B0E6575C2233}.Debug|x64.Build.0 = Debug|x64
		{6E4C87F1-851A-446B-9838-B0E6575C2233}.Debug|x86.ActiveCfg = Debug|Win32
		{6E4C87F1-851A-446B-9838-B0E6575C2233}.Debug|x86.Build.0 = Debug|Win32
		{6E4C87F1-851A-446B-9838-B0E6575C2233}.Release|ARM.ActiveCfg = Release|x64
		{6E4C87F1-851A-446B-9838-B0E6575C2233}.Release|ARM.Build.0 = Release|x64
		{6E4C87F1-851A-446B-9838-B0E6575C2233}.Release|ARM64.ActiveCfg = Release|x64
		{6E4C87F1-851A-446B-9838-B0E6575C2233}.Release|ARM64.Build.0 = Release|x64
		{6E4C87F1-851A-446B-9838-B0E6575C2233}.Release|x64.ActiveCfg = Release|x64
		{6E4C87F1-851A-446B-9838-B0E6575C2233}.Release|x64.Build.0 = Release|x64
		{6E4C87F1-851A-446B-9838-B0E6575C2233}.Release|x86.ActiveCfg = Release|Win32
		{6E4C87F1-851A-446B-9838-B0E6575C2233}.Release|x86.Build.0 = Release|Win32
		{3CFC73BE-B76F-4232-A440-5BCDDA492425}.Debug|ARM.ActiveCfg = Debug|x64
		{3CFC73BE-B76F-4232-A440-5BCDDA492425}.Debug|ARM.Build.0 = Debug|x64
		{3CFC73BE-B76F-4232-A440-5BCDDA492425}.Debug|ARM64.ActiveCfg = Debug|x64
		{3CFC73BE-B76F-4232-A440-5BCDDA492425}.Debug|ARM64.Build.0 = Debug|x64
		{3CFC73BE-B76F-4232-A440-5BCDDA492425}.Debug|x64.ActiveCfg = Debug|x64
		{3CFC73BE-B76F-4232-A440-5BCDDA492425}.Debug|x64.Build.0 = Debug|x64
		{3CFC73BE-B76F-4232-A440-5BCDDA492425}.Debug|x86.ActiveCfg = Debug|Win32
		{3CFC73BE-B76F-4232-A440-5BCDDA492425}.Debug|x86.Build.0 = Debug|Win32
		{3CFC73BE-B76F-4232-A440-5BCDDA492425}.Release|ARM.ActiveCfg = Release|x64
		{3CFC73BE-B76F-4232-A440-5BCDDA492425}.Release|ARM.Build.0 = Release|x64
		{3CFC73BE-B76F-4232-A440-5BCDDA492425}.Release|ARM64.ActiveCfg = Release|x64
		{3CFC73BE-B76F-4232-A440-5BCDDA492425}.Release|ARM64.Build.0 = Release|x64
		{3CFC73BE-B76F-4232-A440-5BCDDA492425}.Release|x64.ActiveCfg = Release|x64
		{3CFC73BE-B76F-4232-A440-5BCDDA492425}.Release|x64.Build.0 = Release|x64
		{3CFC73BE-B76F-4232-A440-5BCDDA492425}.Release|x86.ActiveCfg = Release|Win32
		{3CFC73BE-B76F-4232-A440-5BCDDA492425}.Release|x86.Build.0 = Release|Win32
		{63A84A53-F5B2-4E24-9D69-1C16E97D2E6A}.Debug|ARM.ActiveCfg = Debug|x64
		{63A84A53-F5B2-4E24-9D69-1C16E97D2E6A}.Debug|ARM.Build.0 = Debug|x64
		{63A84A53-F5B2-4E24-9D69-1C16E97D2E6A}.Debug|ARM64.ActiveCfg = Debug|x64
		{63A84A53-F5B2-4E24-9D69-1C16E97D2E6A}.Debug|ARM64.Build.0 = Debug|x64
		{63A84A53-F5B2-4E24-9D69-1C16E97D2E6A}.Debug|x64.ActiveCfg = Debug|x64
		{63A84A53-F5B2-4E24-9D69-1C16E97D2E6A}.Debug|x64.Build.0 = Debug|x64
		{63A84A53-F5B2-4E24-9D69-1C16E97D2E6A}.Debug|x86.ActiveCfg = Debug|Win32
		{63A84A53-F5B2-4E24-9D69-1C16E97D2E6A}.Debug|x86.Build.0 = Debug|Win32
		{63A84A53-F5B2-4E24-9D69-1C16E97D2E6A}.Release|ARM.ActiveCfg = Release|x64
		{63A84A53-F5B2-4E24-9D69-1C16E97D2E6A}.Release|ARM.Build.0 = Release|x64
		{63A84A53-F5B2-4E24-9D69-1C16E97D2E6A}.Release|ARM64.ActiveCfg = Release|x64
		{63A84A53-F5B2-4E24-9D69-1C16E97D2E6A}.Release|ARM64.Build.0 = Release|x64
		{63A84A53-F5B2-4E24-9D69-1C16E97D2E6A}.Release|x64.ActiveCfg = Release|x64
		{63A84A53-F5B2-4E24-9D69-1C16E97D2E6A}.Release|x64.Build.0 = Release|x64
		{63A84A53-F5B2-4E24-9D69-1C16E97D2E6A}.Release|x86.ActiveCfg = Release|Win32
		{63A84A53-F5B2-4E24-9D69-1C16E97D2E6A}.Release|x86.Build.0 = Release|Win32
	EndGlobalSection
	GlobalSection(SolutionProperties) = preSolution
		HideSolutionNode = FALSE
	EndGlobalSection
	GlobalSection(NestedProjects) = preSolution
		{2AC070D3-BE7A-4C3C-85A5-BEE932BA8289} = {A2EBE5EF-513E-45D1-92C0-EE2255BA70D5}
		{C368C32C-49CD-44B7-8BF3-BAF1DB29600C} = {A2EBE5EF-513E-45D1-92C0-EE2255BA70D5}
		{44D6E5AC-AEE0-4DB9-B913-6D7BC52E2C86} = {79677472-A50A-4017-B2AE-FDB29E614C8E}
		{371D95EB-1D00-4B30-8C95-7B1A4E7B5E83} = {36968BEB-E31B-4F40-BAB8-8C92A030554F}
		{6F32EF39-D7BB-453B-8C7A-5DA6B1701577} = {196FB3F0-16EC-4E65-81E1-126DCCF535A1}
		{F7B3319F-118D-46E7-8803-D1A7DC8A6EE3} = {196FB3F0-16EC-4E65-81E1-126DCCF535A1}
		{CC626170-B280-44CB-A075-45D0AEC6504A} = {196FB3F0-16EC-4E65-81E1-126DCCF535A1}
		{D893CDB6-9BF2-4931-8BF5-7D4D388154D9} = {196FB3F0-16EC-4E65-81E1-126DCCF535A1}
		{D489E448-933C-40E0-9FA6-78A04C35A43C} = {EF35834C-2317-489A-B195-DF22F034E953}
		{6E4C87F1-851A-446B-9838-B0E6575C2233} = {EF35834C-2317-489A-B195-DF22F034E953}
		{3CFC73BE-B76F-4232-A440-5BCDDA492425} = {36968BEB-E31B-4F40-BAB8-8C92A030554F}
		{63A84A53-F5B2-4E24-9D69-1C16E97D2E6A} = {36968BEB-E31B-4F40-BAB8-8C92A030554F}
	EndGlobalSection
	GlobalSection(ExtensibilityGlobals) = postSolution
		SolutionGuid = {C60AF033-0B5D-473B-9170-B1305AB33482}
	EndGlobalSection
EndGlobal
